// !$*UTF8*$!
{
	archiveVersion = 1;
	classes = {
	};
	objectVersion = 46;
	objects = {

/* Begin PBXBuildFile section */
		1A06AD551533EC3C0023E769 /* MapKit.framework in Frameworks */ = {isa = PBXBuildFile; fileRef = 1A06AD541533EC3C0023E769 /* MapKit.framework */; };
		1A9AA68415366AFC001B5614 /* favsVC.m in Sources */ = {isa = PBXBuildFile; fileRef = 1A9AA68315366AFC001B5614 /* favsVC.m */; };
		1A9AA68715368016001B5614 /* contactDisplay.m in Sources */ = {isa = PBXBuildFile; fileRef = 1A9AA68615368016001B5614 /* contactDisplay.m */; };
		1ACEC00D1535191B007F1C60 /* contactTableVC.m in Sources */ = {isa = PBXBuildFile; fileRef = 1ACEC00C1535191B007F1C60 /* contactTableVC.m */; };
		1AE29FA21533F33800E651E4 /* settingsVC.m in Sources */ = {isa = PBXBuildFile; fileRef = 1AE29FA11533F33800E651E4 /* settingsVC.m */; };
		1AE29FA51533FC4300E651E4 /* mapVC.m in Sources */ = {isa = PBXBuildFile; fileRef = 1AE29FA41533FC4300E651E4 /* mapVC.m */; };
		1AF444F7152E695A0006B5DB /* UIKit.framework in Frameworks */ = {isa = PBXBuildFile; fileRef = 1AF444F6152E695A0006B5DB /* UIKit.framework */; };
		1AF444F9152E695A0006B5DB /* Foundation.framework in Frameworks */ = {isa = PBXBuildFile; fileRef = 1AF444F8152E695A0006B5DB /* Foundation.framework */; };
		1AF444FB152E695A0006B5DB /* CoreGraphics.framework in Frameworks */ = {isa = PBXBuildFile; fileRef = 1AF444FA152E695A0006B5DB /* CoreGraphics.framework */; };
		1AF44501152E695A0006B5DB /* InfoPlist.strings in Resources */ = {isa = PBXBuildFile; fileRef = 1AF444FF152E695A0006B5DB /* InfoPlist.strings */; };
		1AF44503152E695A0006B5DB /* main.m in Sources */ = {isa = PBXBuildFile; fileRef = 1AF44502152E695A0006B5DB /* main.m */; };
		1AF44507152E695A0006B5DB /* rdvAppDelegate.m in Sources */ = {isa = PBXBuildFile; fileRef = 1AF44506152E695A0006B5DB /* rdvAppDelegate.m */; };
		1AF4450A152E695A0006B5DB /* MainStoryboard.storyboard in Resources */ = {isa = PBXBuildFile; fileRef = 1AF44508152E695A0006B5DB /* MainStoryboard.storyboard */; };
		1AF4450F152E695A0006B5DB /* first.png in Resources */ = {isa = PBXBuildFile; fileRef = 1AF4450E152E695A0006B5DB /* first.png */; };
		1AF44511152E695A0006B5DB /* first@2x.png in Resources */ = {isa = PBXBuildFile; fileRef = 1AF44510152E695A0006B5DB /* first@2x.png */; };
		1AF44514152E695A0006B5DB /* rendezvousVC.m in Sources */ = {isa = PBXBuildFile; fileRef = 1AF44513152E695A0006B5DB /* rendezvousVC.m */; };
		1AF44516152E695A0006B5DB /* second.png in Resources */ = {isa = PBXBuildFile; fileRef = 1AF44515152E695A0006B5DB /* second.png */; };
		1AF44518152E695A0006B5DB /* second@2x.png in Resources */ = {isa = PBXBuildFile; fileRef = 1AF44517152E695A0006B5DB /* second@2x.png */; };
		B5284A0F1538031400DE15EB /* FBDialog.bundle in Resources */ = {isa = PBXBuildFile; fileRef = B5284A021538031400DE15EB /* FBDialog.bundle */; };
		B5284A101538031400DE15EB /* libfacebook_ios_sdk.a in Frameworks */ = {isa = PBXBuildFile; fileRef = B5284A081538031400DE15EB /* libfacebook_ios_sdk.a */; };
/* End PBXBuildFile section */

/* Begin PBXFileReference section */
		1A06AD541533EC3C0023E769 /* MapKit.framework */ = {isa = PBXFileReference; lastKnownFileType = wrapper.framework; name = MapKit.framework; path = System/Library/Frameworks/MapKit.framework; sourceTree = SDKROOT; };
		1A9AA68215366AFC001B5614 /* favsVC.h */ = {isa = PBXFileReference; fileEncoding = 4; lastKnownFileType = sourcecode.c.h; path = favsVC.h; sourceTree = "<group>"; };
		1A9AA68315366AFC001B5614 /* favsVC.m */ = {isa = PBXFileReference; fileEncoding = 4; lastKnownFileType = sourcecode.c.objc; path = favsVC.m; sourceTree = "<group>"; };
		1A9AA68515368016001B5614 /* contactDisplay.h */ = {isa = PBXFileReference; fileEncoding = 4; lastKnownFileType = sourcecode.c.h; path = contactDisplay.h; sourceTree = "<group>"; };
		1A9AA68615368016001B5614 /* contactDisplay.m */ = {isa = PBXFileReference; fileEncoding = 4; lastKnownFileType = sourcecode.c.objc; path = contactDisplay.m; sourceTree = "<group>"; };
		1ACEC00B1535191B007F1C60 /* contactTableVC.h */ = {isa = PBXFileReference; fileEncoding = 4; lastKnownFileType = sourcecode.c.h; path = contactTableVC.h; sourceTree = "<group>"; };
		1ACEC00C1535191B007F1C60 /* contactTableVC.m */ = {isa = PBXFileReference; fileEncoding = 4; lastKnownFileType = sourcecode.c.objc; path = contactTableVC.m; sourceTree = "<group>"; };
		1AE29FA01533F33800E651E4 /* settingsVC.h */ = {isa = PBXFileReference; fileEncoding = 4; lastKnownFileType = sourcecode.c.h; path = settingsVC.h; sourceTree = "<group>"; };
		1AE29FA11533F33800E651E4 /* settingsVC.m */ = {isa = PBXFileReference; fileEncoding = 4; lastKnownFileType = sourcecode.c.objc; path = settingsVC.m; sourceTree = "<group>"; };
		1AE29FA31533FC4300E651E4 /* mapVC.h */ = {isa = PBXFileReference; fileEncoding = 4; lastKnownFileType = sourcecode.c.h; path = mapVC.h; sourceTree = "<group>"; };
		1AE29FA41533FC4300E651E4 /* mapVC.m */ = {isa = PBXFileReference; fileEncoding = 4; lastKnownFileType = sourcecode.c.objc; path = mapVC.m; sourceTree = "<group>"; };
		1AF444F2152E695A0006B5DB /* Rendezvous.app */ = {isa = PBXFileReference; explicitFileType = wrapper.application; includeInIndex = 0; path = Rendezvous.app; sourceTree = BUILT_PRODUCTS_DIR; };
		1AF444F6152E695A0006B5DB /* UIKit.framework */ = {isa = PBXFileReference; lastKnownFileType = wrapper.framework; name = UIKit.framework; path = System/Library/Frameworks/UIKit.framework; sourceTree = SDKROOT; };
		1AF444F8152E695A0006B5DB /* Foundation.framework */ = {isa = PBXFileReference; lastKnownFileType = wrapper.framework; name = Foundation.framework; path = System/Library/Frameworks/Foundation.framework; sourceTree = SDKROOT; };
		1AF444FA152E695A0006B5DB /* CoreGraphics.framework */ = {isa = PBXFileReference; lastKnownFileType = wrapper.framework; name = CoreGraphics.framework; path = System/Library/Frameworks/CoreGraphics.framework; sourceTree = SDKROOT; };
		1AF444FE152E695A0006B5DB /* Rendezvous-Info.plist */ = {isa = PBXFileReference; lastKnownFileType = text.plist.xml; path = "Rendezvous-Info.plist"; sourceTree = "<group>"; };
		1AF44500152E695A0006B5DB /* en */ = {isa = PBXFileReference; lastKnownFileType = text.plist.strings; name = en; path = en.lproj/InfoPlist.strings; sourceTree = "<group>"; };
		1AF44502152E695A0006B5DB /* main.m */ = {isa = PBXFileReference; lastKnownFileType = sourcecode.c.objc; path = main.m; sourceTree = "<group>"; };
		1AF44504152E695A0006B5DB /* Rendezvous-Prefix.pch */ = {isa = PBXFileReference; lastKnownFileType = sourcecode.c.h; path = "Rendezvous-Prefix.pch"; sourceTree = "<group>"; };
		1AF44505152E695A0006B5DB /* rdvAppDelegate.h */ = {isa = PBXFileReference; lastKnownFileType = sourcecode.c.h; path = rdvAppDelegate.h; sourceTree = "<group>"; };
		1AF44506152E695A0006B5DB /* rdvAppDelegate.m */ = {isa = PBXFileReference; lastKnownFileType = sourcecode.c.objc; path = rdvAppDelegate.m; sourceTree = "<group>"; };
		1AF44509152E695A0006B5DB /* en */ = {isa = PBXFileReference; lastKnownFileType = file.storyboard; name = en; path = en.lproj/MainStoryboard.storyboard; sourceTree = "<group>"; };
		1AF4450E152E695A0006B5DB /* first.png */ = {isa = PBXFileReference; lastKnownFileType = image.png; path = first.png; sourceTree = "<group>"; };
		1AF44510152E695A0006B5DB /* first@2x.png */ = {isa = PBXFileReference; lastKnownFileType = image.png; path = "first@2x.png"; sourceTree = "<group>"; };
		1AF44512152E695A0006B5DB /* rendezvousVC.h */ = {isa = PBXFileReference; lastKnownFileType = sourcecode.c.h; path = rendezvousVC.h; sourceTree = "<group>"; };
		1AF44513152E695A0006B5DB /* rendezvousVC.m */ = {isa = PBXFileReference; lastKnownFileType = sourcecode.c.objc; path = rendezvousVC.m; sourceTree = "<group>"; };
		1AF44515152E695A0006B5DB /* second.png */ = {isa = PBXFileReference; lastKnownFileType = image.png; path = second.png; sourceTree = "<group>"; };
		1AF44517152E695A0006B5DB /* second@2x.png */ = {isa = PBXFileReference; lastKnownFileType = image.png; path = "second@2x.png"; sourceTree = "<group>"; };
		B5284A001538031400DE15EB /* Facebook.h */ = {isa = PBXFileReference; fileEncoding = 4; lastKnownFileType = sourcecode.c.h; path = Facebook.h; sourceTree = "<group>"; };
		B5284A011538031400DE15EB /* FBConnect.h */ = {isa = PBXFileReference; fileEncoding = 4; lastKnownFileType = sourcecode.c.h; path = FBConnect.h; sourceTree = "<group>"; };
		B5284A021538031400DE15EB /* FBDialog.bundle */ = {isa = PBXFileReference; lastKnownFileType = "wrapper.plug-in"; path = FBDialog.bundle; sourceTree = "<group>"; };
		B5284A031538031400DE15EB /* FBDialog.h */ = {isa = PBXFileReference; fileEncoding = 4; lastKnownFileType = sourcecode.c.h; path = FBDialog.h; sourceTree = "<group>"; };
		B5284A041538031400DE15EB /* FBFrictionlessRequestSettings.h */ = {isa = PBXFileReference; fileEncoding = 4; lastKnownFileType = sourcecode.c.h; path = FBFrictionlessRequestSettings.h; sourceTree = "<group>"; };
		B5284A051538031400DE15EB /* FBLoginDialog.h */ = {isa = PBXFileReference; fileEncoding = 4; lastKnownFileType = sourcecode.c.h; path = FBLoginDialog.h; sourceTree = "<group>"; };
		B5284A061538031400DE15EB /* FBRequest.h */ = {isa = PBXFileReference; fileEncoding = 4; lastKnownFileType = sourcecode.c.h; path = FBRequest.h; sourceTree = "<group>"; };
		B5284A071538031400DE15EB /* JSON.h */ = {isa = PBXFileReference; fileEncoding = 4; lastKnownFileType = sourcecode.c.h; path = JSON.h; sourceTree = "<group>"; };
		B5284A081538031400DE15EB /* libfacebook_ios_sdk.a */ = {isa = PBXFileReference; lastKnownFileType = archive.ar; path = libfacebook_ios_sdk.a; sourceTree = "<group>"; };
		B5284A091538031400DE15EB /* NSObject+SBJSON.h */ = {isa = PBXFileReference; fileEncoding = 4; lastKnownFileType = sourcecode.c.h; path = "NSObject+SBJSON.h"; sourceTree = "<group>"; };
		B5284A0A1538031400DE15EB /* NSString+SBJSON.h */ = {isa = PBXFileReference; fileEncoding = 4; lastKnownFileType = sourcecode.c.h; path = "NSString+SBJSON.h"; sourceTree = "<group>"; };
		B5284A0B1538031400DE15EB /* SBJSON.h */ = {isa = PBXFileReference; fileEncoding = 4; lastKnownFileType = sourcecode.c.h; path = SBJSON.h; sourceTree = "<group>"; };
		B5284A0C1538031400DE15EB /* SBJsonBase.h */ = {isa = PBXFileReference; fileEncoding = 4; lastKnownFileType = sourcecode.c.h; path = SBJsonBase.h; sourceTree = "<group>"; };
		B5284A0D1538031400DE15EB /* SBJsonParser.h */ = {isa = PBXFileReference; fileEncoding = 4; lastKnownFileType = sourcecode.c.h; path = SBJsonParser.h; sourceTree = "<group>"; };
		B5284A0E1538031400DE15EB /* SBJsonWriter.h */ = {isa = PBXFileReference; fileEncoding = 4; lastKnownFileType = sourcecode.c.h; path = SBJsonWriter.h; sourceTree = "<group>"; };
/* End PBXFileReference section */

/* Begin PBXFrameworksBuildPhase section */
		1AF444EF152E695A0006B5DB /* Frameworks */ = {
			isa = PBXFrameworksBuildPhase;
			buildActionMask = 2147483647;
			files = (
				1A06AD551533EC3C0023E769 /* MapKit.framework in Frameworks */,
				1AF444F7152E695A0006B5DB /* UIKit.framework in Frameworks */,
				1AF444F9152E695A0006B5DB /* Foundation.framework in Frameworks */,
				1AF444FB152E695A0006B5DB /* CoreGraphics.framework in Frameworks */,
				B5284A101538031400DE15EB /* libfacebook_ios_sdk.a in Frameworks */,
			);
			runOnlyForDeploymentPostprocessing = 0;
		};
/* End PBXFrameworksBuildPhase section */

/* Begin PBXGroup section */
		1AF444E7152E695A0006B5DB = {
			isa = PBXGroup;
			children = (
				B52849FF1538031400DE15EB /* facebook-ios-sdk */,
				1A06AD541533EC3C0023E769 /* MapKit.framework */,
				1AF444FC152E695A0006B5DB /* Rendezvous */,
				1AF444F5152E695A0006B5DB /* Frameworks */,
				1AF444F3152E695A0006B5DB /* Products */,
			);
			sourceTree = "<group>";
		};
		1AF444F3152E695A0006B5DB /* Products */ = {
			isa = PBXGroup;
			children = (
				1AF444F2152E695A0006B5DB /* Rendezvous.app */,
			);
			name = Products;
			sourceTree = "<group>";
		};
		1AF444F5152E695A0006B5DB /* Frameworks */ = {
			isa = PBXGroup;
			children = (
				1AF444F6152E695A0006B5DB /* UIKit.framework */,
				1AF444F8152E695A0006B5DB /* Foundation.framework */,
				1AF444FA152E695A0006B5DB /* CoreGraphics.framework */,
			);
			name = Frameworks;
			sourceTree = "<group>";
		};
		1AF444FC152E695A0006B5DB /* Rendezvous */ = {
			isa = PBXGroup;
			children = (
				1AF44505152E695A0006B5DB /* rdvAppDelegate.h */,
				1AF44506152E695A0006B5DB /* rdvAppDelegate.m */,
				1AF44508152E695A0006B5DB /* MainStoryboard.storyboard */,
				1A9AA68215366AFC001B5614 /* favsVC.h */,
				1A9AA68315366AFC001B5614 /* favsVC.m */,
				1AE29FA31533FC4300E651E4 /* mapVC.h */,
				1AE29FA41533FC4300E651E4 /* mapVC.m */,
				1A9AA68515368016001B5614 /* contactDisplay.h */,
				1A9AA68615368016001B5614 /* contactDisplay.m */,
				1AE29FA01533F33800E651E4 /* settingsVC.h */,
				1AE29FA11533F33800E651E4 /* settingsVC.m */,
				1AF4450E152E695A0006B5DB /* first.png */,
				1AF44510152E695A0006B5DB /* first@2x.png */,
				1AF44512152E695A0006B5DB /* rendezvousVC.h */,
				1AF44513152E695A0006B5DB /* rendezvousVC.m */,
				1AF44515152E695A0006B5DB /* second.png */,
				1AF44517152E695A0006B5DB /* second@2x.png */,
				1ACEC00B1535191B007F1C60 /* contactTableVC.h */,
				1ACEC00C1535191B007F1C60 /* contactTableVC.m */,
				1AF444FD152E695A0006B5DB /* Supporting Files */,
			);
			path = Rendezvous;
			sourceTree = "<group>";
		};
		1AF444FD152E695A0006B5DB /* Supporting Files */ = {
			isa = PBXGroup;
			children = (
				1AF444FE152E695A0006B5DB /* Rendezvous-Info.plist */,
				1AF444FF152E695A0006B5DB /* InfoPlist.strings */,
				1AF44502152E695A0006B5DB /* main.m */,
				1AF44504152E695A0006B5DB /* Rendezvous-Prefix.pch */,
			);
			name = "Supporting Files";
			sourceTree = "<group>";
		};
		B52849FF1538031400DE15EB /* facebook-ios-sdk */ = {
			isa = PBXGroup;
			children = (
				B5284A001538031400DE15EB /* Facebook.h */,
				B5284A011538031400DE15EB /* FBConnect.h */,
				B5284A021538031400DE15EB /* FBDialog.bundle */,
				B5284A031538031400DE15EB /* FBDialog.h */,
				B5284A041538031400DE15EB /* FBFrictionlessRequestSettings.h */,
				B5284A051538031400DE15EB /* FBLoginDialog.h */,
				B5284A061538031400DE15EB /* FBRequest.h */,
				B5284A071538031400DE15EB /* JSON.h */,
				B5284A081538031400DE15EB /* libfacebook_ios_sdk.a */,
				B5284A091538031400DE15EB /* NSObject+SBJSON.h */,
				B5284A0A1538031400DE15EB /* NSString+SBJSON.h */,
				B5284A0B1538031400DE15EB /* SBJSON.h */,
				B5284A0C1538031400DE15EB /* SBJsonBase.h */,
				B5284A0D1538031400DE15EB /* SBJsonParser.h */,
				B5284A0E1538031400DE15EB /* SBJsonWriter.h */,
			);
			path = "facebook-ios-sdk";
			sourceTree = "<group>";
		};
/* End PBXGroup section */

/* Begin PBXNativeTarget section */
		1AF444F1152E695A0006B5DB /* Rendezvous */ = {
			isa = PBXNativeTarget;
			buildConfigurationList = 1AF4451B152E695A0006B5DB /* Build configuration list for PBXNativeTarget "Rendezvous" */;
			buildPhases = (
				1AF444EE152E695A0006B5DB /* Sources */,
				1AF444EF152E695A0006B5DB /* Frameworks */,
				1AF444F0152E695A0006B5DB /* Resources */,
			);
			buildRules = (
			);
			dependencies = (
			);
			name = Rendezvous;
			productName = Rendezvous;
			productReference = 1AF444F2152E695A0006B5DB /* Rendezvous.app */;
			productType = "com.apple.product-type.application";
		};
/* End PBXNativeTarget section */

/* Begin PBXProject section */
		1AF444E9152E695A0006B5DB /* Project object */ = {
			isa = PBXProject;
			attributes = {
				CLASSPREFIX = rdv;
				LastUpgradeCheck = 0430;
				ORGANIZATIONNAME = "Princeton University";
			};
			buildConfigurationList = 1AF444EC152E695A0006B5DB /* Build configuration list for PBXProject "Rendezvous" */;
			compatibilityVersion = "Xcode 3.2";
			developmentRegion = English;
			hasScannedForEncodings = 0;
			knownRegions = (
				en,
			);
			mainGroup = 1AF444E7152E695A0006B5DB;
			productRefGroup = 1AF444F3152E695A0006B5DB /* Products */;
			projectDirPath = "";
			projectRoot = "";
			targets = (
				1AF444F1152E695A0006B5DB /* Rendezvous */,
			);
		};
/* End PBXProject section */

/* Begin PBXResourcesBuildPhase section */
		1AF444F0152E695A0006B5DB /* Resources */ = {
			isa = PBXResourcesBuildPhase;
			buildActionMask = 2147483647;
			files = (
				1AF44501152E695A0006B5DB /* InfoPlist.strings in Resources */,
				1AF4450A152E695A0006B5DB /* MainStoryboard.storyboard in Resources */,
				1AF4450F152E695A0006B5DB /* first.png in Resources */,
				1AF44511152E695A0006B5DB /* first@2x.png in Resources */,
				1AF44516152E695A0006B5DB /* second.png in Resources */,
				1AF44518152E695A0006B5DB /* second@2x.png in Resources */,
				B5284A0F1538031400DE15EB /* FBDialog.bundle in Resources */,
			);
			runOnlyForDeploymentPostprocessing = 0;
		};
/* End PBXResourcesBuildPhase section */

/* Begin PBXSourcesBuildPhase section */
		1AF444EE152E695A0006B5DB /* Sources */ = {
			isa = PBXSourcesBuildPhase;
			buildActionMask = 2147483647;
			files = (
				1AF44503152E695A0006B5DB /* main.m in Sources */,
				1AF44507152E695A0006B5DB /* rdvAppDelegate.m in Sources */,
				1AF44514152E695A0006B5DB /* rendezvousVC.m in Sources */,
				1AE29FA21533F33800E651E4 /* settingsVC.m in Sources */,
				1AE29FA51533FC4300E651E4 /* mapVC.m in Sources */,
				1ACEC00D1535191B007F1C60 /* contactTableVC.m in Sources */,
				1A9AA68415366AFC001B5614 /* favsVC.m in Sources */,
				1A9AA68715368016001B5614 /* contactDisplay.m in Sources */,
			);
			runOnlyForDeploymentPostprocessing = 0;
		};
/* End PBXSourcesBuildPhase section */

/* Begin PBXVariantGroup section */
		1AF444FF152E695A0006B5DB /* InfoPlist.strings */ = {
			isa = PBXVariantGroup;
			children = (
				1AF44500152E695A0006B5DB /* en */,
			);
			name = InfoPlist.strings;
			sourceTree = "<group>";
		};
		1AF44508152E695A0006B5DB /* MainStoryboard.storyboard */ = {
			isa = PBXVariantGroup;
			children = (
				1AF44509152E695A0006B5DB /* en */,
			);
			name = MainStoryboard.storyboard;
			sourceTree = "<group>";
		};
/* End PBXVariantGroup section */

/* Begin XCBuildConfiguration section */
		1AF44519152E695A0006B5DB /* Debug */ = {
			isa = XCBuildConfiguration;
			buildSettings = {
				ALWAYS_SEARCH_USER_PATHS = NO;
				ARCHS = "$(ARCHS_STANDARD_32_BIT)";
				CLANG_ENABLE_OBJC_ARC = YES;
				"CODE_SIGN_IDENTITY[sdk=iphoneos*]" = "iPhone Developer";
				COPY_PHASE_STRIP = NO;
				GCC_C_LANGUAGE_STANDARD = gnu99;
				GCC_DYNAMIC_NO_PIC = NO;
				GCC_OPTIMIZATION_LEVEL = 0;
				GCC_PREPROCESSOR_DEFINITIONS = (
					"DEBUG=1",
					"$(inherited)",
				);
				GCC_SYMBOLS_PRIVATE_EXTERN = NO;
				GCC_VERSION = com.apple.compilers.llvm.clang.1_0;
				GCC_WARN_ABOUT_RETURN_TYPE = YES;
				GCC_WARN_UNINITIALIZED_AUTOS = YES;
				GCC_WARN_UNUSED_VARIABLE = YES;
				IPHONEOS_DEPLOYMENT_TARGET = 5.1;
				SDKROOT = iphoneos;
			};
			name = Debug;
		};
		1AF4451A152E695A0006B5DB /* Release */ = {
			isa = XCBuildConfiguration;
			buildSettings = {
				ALWAYS_SEARCH_USER_PATHS = NO;
				ARCHS = "$(ARCHS_STANDARD_32_BIT)";
				CLANG_ENABLE_OBJC_ARC = YES;
				"CODE_SIGN_IDENTITY[sdk=iphoneos*]" = "iPhone Developer";
				COPY_PHASE_STRIP = YES;
				GCC_C_LANGUAGE_STANDARD = gnu99;
				GCC_VERSION = com.apple.compilers.llvm.clang.1_0;
				GCC_WARN_ABOUT_RETURN_TYPE = YES;
				GCC_WARN_UNINITIALIZED_AUTOS = YES;
				GCC_WARN_UNUSED_VARIABLE = YES;
				IPHONEOS_DEPLOYMENT_TARGET = 5.1;
				OTHER_CFLAGS = "-DNS_BLOCK_ASSERTIONS=1";
				SDKROOT = iphoneos;
				VALIDATE_PRODUCT = YES;
			};
			name = Release;
		};
		1AF4451C152E695A0006B5DB /* Debug */ = {
			isa = XCBuildConfiguration;
			buildSettings = {
				GCC_PRECOMPILE_PREFIX_HEADER = YES;
				GCC_PREFIX_HEADER = "Rendezvous/Rendezvous-Prefix.pch";
				INFOPLIST_FILE = "Rendezvous/Rendezvous-Info.plist";
				LIBRARY_SEARCH_PATHS = (
					"$(inherited)",
					"\"$(SRCROOT)/facebook-ios-sdk\"",
				);
				PRODUCT_NAME = "$(TARGET_NAME)";
				WRAPPER_EXTENSION = app;
			};
			name = Debug;
		};
		1AF4451D152E695A0006B5DB /* Release */ = {
			isa = XCBuildConfiguration;
			buildSettings = {
				GCC_PRECOMPILE_PREFIX_HEADER = YES;
				GCC_PREFIX_HEADER = "Rendezvous/Rendezvous-Prefix.pch";
				INFOPLIST_FILE = "Rendezvous/Rendezvous-Info.plist";
				LIBRARY_SEARCH_PATHS = (
					"$(inherited)",
					"\"$(SRCROOT)/facebook-ios-sdk\"",
				);
				PRODUCT_NAME = "$(TARGET_NAME)";
				WRAPPER_EXTENSION = app;
			};
			name = Release;
		};
/* End XCBuildConfiguration section */

/* Begin XCConfigurationList section */
		1AF444EC152E695A0006B5DB /* Build configuration list for PBXProject "Rendezvous" */ = {
			isa = XCConfigurationList;
			buildConfigurations = (
				1AF44519152E695A0006B5DB /* Debug */,
				1AF4451A152E695A0006B5DB /* Release */,
			);
			defaultConfigurationIsVisible = 0;
			defaultConfigurationName = Release;
		};
		1AF4451B152E695A0006B5DB /* Build configuration list for PBXNativeTarget "Rendezvous" */ = {
			isa = XCConfigurationList;
			buildConfigurations = (
				1AF4451C152E695A0006B5DB /* Debug */,
				1AF4451D152E695A0006B5DB /* Release */,
			);
			defaultConfigurationIsVisible = 0;
			defaultConfigurationName = Release;
		};
/* End XCConfigurationList section */
	};
	rootObject = 1AF444E9152E695A0006B5DB /* Project object */;
}
