// !$*UTF8*$!
{
	archiveVersion = 1;
	classes = {
	};
	objectVersion = 46;
	objects = {

/* Begin PBXBuildFile section */
		1AF444F7152E695A0006B5DB /* UIKit.framework in Frameworks */ = {isa = PBXBuildFile; fileRef = 1AF444F6152E695A0006B5DB /* UIKit.framework */; };
		1AF444F9152E695A0006B5DB /* Foundation.framework in Frameworks */ = {isa = PBXBuildFile; fileRef = 1AF444F8152E695A0006B5DB /* Foundation.framework */; };
		1AF444FB152E695A0006B5DB /* CoreGraphics.framework in Frameworks */ = {isa = PBXBuildFile; fileRef = 1AF444FA152E695A0006B5DB /* CoreGraphics.framework */; };
		1AF44501152E695A0006B5DB /* InfoPlist.strings in Resources */ = {isa = PBXBuildFile; fileRef = 1AF444FF152E695A0006B5DB /* InfoPlist.strings */; };
		1AF44503152E695A0006B5DB /* main.m in Sources */ = {isa = PBXBuildFile; fileRef = 1AF44502152E695A0006B5DB /* main.m */; };
		1AF44507152E695A0006B5DB /* rdvAppDelegate.m in Sources */ = {isa = PBXBuildFile; fileRef = 1AF44506152E695A0006B5DB /* rdvAppDelegate.m */; };
		1AF4450A152E695A0006B5DB /* MainStoryboard.storyboard in Resources */ = {isa = PBXBuildFile; fileRef = 1AF44508152E695A0006B5DB /* MainStoryboard.storyboard */; };
		1AF4450D152E695A0006B5DB /* rdvFirstViewController.m in Sources */ = {isa = PBXBuildFile; fileRef = 1AF4450C152E695A0006B5DB /* rdvFirstViewController.m */; };
		1AF4450F152E695A0006B5DB /* first.png in Resources */ = {isa = PBXBuildFile; fileRef = 1AF4450E152E695A0006B5DB /* first.png */; };
		1AF44511152E695A0006B5DB /* first@2x.png in Resources */ = {isa = PBXBuildFile; fileRef = 1AF44510152E695A0006B5DB /* first@2x.png */; };
		1AF44514152E695A0006B5DB /* rdvSecondViewController.m in Sources */ = {isa = PBXBuildFile; fileRef = 1AF44513152E695A0006B5DB /* rdvSecondViewController.m */; };
		1AF44516152E695A0006B5DB /* second.png in Resources */ = {isa = PBXBuildFile; fileRef = 1AF44515152E695A0006B5DB /* second.png */; };
		1AF44518152E695A0006B5DB /* second@2x.png in Resources */ = {isa = PBXBuildFile; fileRef = 1AF44517152E695A0006B5DB /* second@2x.png */; };
/* End PBXBuildFile section */

/* Begin PBXFileReference section */
		1AF444F2152E695A0006B5DB /* Rendezvous.app */ = {isa = PBXFileReference; explicitFileType = wrapper.application; includeInIndex = 0; path = Rendezvous.app; sourceTree = BUILT_PRODUCTS_DIR; };
		1AF444F6152E695A0006B5DB /* UIKit.framework */ = {isa = PBXFileReference; lastKnownFileType = wrapper.framework; name = UIKit.framework; path = System/Library/Frameworks/UIKit.framework; sourceTree = SDKROOT; };
		1AF444F8152E695A0006B5DB /* Foundation.framework */ = {isa = PBXFileReference; lastKnownFileType = wrapper.framework; name = Foundation.framework; path = System/Library/Frameworks/Foundation.framework; sourceTree = SDKROOT; };
		1AF444FA152E695A0006B5DB /* CoreGraphics.framework */ = {isa = PBXFileReference; lastKnownFileType = wrapper.framework; name = CoreGraphics.framework; path = System/Library/Frameworks/CoreGraphics.framework; sourceTree = SDKROOT; };
		1AF444FE152E695A0006B5DB /* Rendezvous-Info.plist */ = {isa = PBXFileReference; lastKnownFileType = text.plist.xml; path = "Rendezvous-Info.plist"; sourceTree = "<group>"; };
		1AF44500152E695A0006B5DB /* en */ = {isa = PBXFileReference; lastKnownFileType = text.plist.strings; name = en; path = en.lproj/InfoPlist.strings; sourceTree = "<group>"; };
		1AF44502152E695A0006B5DB /* main.m */ = {isa = PBXFileReference; lastKnownFileType = sourcecode.c.objc; path = main.m; sourceTree = "<group>"; };
		1AF44504152E695A0006B5DB /* Rendezvous-Prefix.pch */ = {isa = PBXFileReference; lastKnownFileType = sourcecode.c.h; path = "Rendezvous-Prefix.pch"; sourceTree = "<group>"; };
		1AF44505152E695A0006B5DB /* rdvAppDelegate.h */ = {isa = PBXFileReference; lastKnownFileType = sourcecode.c.h; path = rdvAppDelegate.h; sourceTree = "<group>"; };
		1AF44506152E695A0006B5DB /* rdvAppDelegate.m */ = {isa = PBXFileReference; lastKnownFileType = sourcecode.c.objc; path = rdvAppDelegate.m; sourceTree = "<group>"; };
		1AF44509152E695A0006B5DB /* en */ = {isa = PBXFileReference; lastKnownFileType = file.storyboard; name = en; path = en.lproj/MainStoryboard.storyboard; sourceTree = "<group>"; };
		1AF4450B152E695A0006B5DB /* rdvFirstViewController.h */ = {isa = PBXFileReference; lastKnownFileType = sourcecode.c.h; path = rdvFirstViewController.h; sourceTree = "<group>"; };
		1AF4450C152E695A0006B5DB /* rdvFirstViewController.m */ = {isa = PBXFileReference; lastKnownFileType = sourcecode.c.objc; path = rdvFirstViewController.m; sourceTree = "<group>"; };
		1AF4450E152E695A0006B5DB /* first.png */ = {isa = PBXFileReference; lastKnownFileType = image.png; path = first.png; sourceTree = "<group>"; };
		1AF44510152E695A0006B5DB /* first@2x.png */ = {isa = PBXFileReference; lastKnownFileType = image.png; path = "first@2x.png"; sourceTree = "<group>"; };
		1AF44512152E695A0006B5DB /* rdvSecondViewController.h */ = {isa = PBXFileReference; lastKnownFileType = sourcecode.c.h; path = rdvSecondViewController.h; sourceTree = "<group>"; };
		1AF44513152E695A0006B5DB /* rdvSecondViewController.m */ = {isa = PBXFileReference; lastKnownFileType = sourcecode.c.objc; path = rdvSecondViewController.m; sourceTree = "<group>"; };
		1AF44515152E695A0006B5DB /* second.png */ = {isa = PBXFileReference; lastKnownFileType = image.png; path = second.png; sourceTree = "<group>"; };
		1AF44517152E695A0006B5DB /* second@2x.png */ = {isa = PBXFileReference; lastKnownFileType = image.png; path = "second@2x.png"; sourceTree = "<group>"; };
/* End PBXFileReference section */

/* Begin PBXFrameworksBuildPhase section */
		1AF444EF152E695A0006B5DB /* Frameworks */ = {
			isa = PBXFrameworksBuildPhase;
			buildActionMask = 2147483647;
			files = (
				1AF444F7152E695A0006B5DB /* UIKit.framework in Frameworks */,
				1AF444F9152E695A0006B5DB /* Foundation.framework in Frameworks */,
				1AF444FB152E695A0006B5DB /* CoreGraphics.framework in Frameworks */,
			);
			runOnlyForDeploymentPostprocessing = 0;
		};
/* End PBXFrameworksBuildPhase section */

/* Begin PBXGroup section */
		1AF444E7152E695A0006B5DB = {
			isa = PBXGroup;
			children = (
				1AF444FC152E695A0006B5DB /* Rendezvous */,
				1AF444F5152E695A0006B5DB /* Frameworks */,
				1AF444F3152E695A0006B5DB /* Products */,
			);
			sourceTree = "<group>";
		};
		1AF444F3152E695A0006B5DB /* Products */ = {
			isa = PBXGroup;
			children = (
				1AF444F2152E695A0006B5DB /* Rendezvous.app */,
			);
			name = Products;
			sourceTree = "<group>";
		};
		1AF444F5152E695A0006B5DB /* Frameworks */ = {
			isa = PBXGroup;
			children = (
				1AF444F6152E695A0006B5DB /* UIKit.framework */,
				1AF444F8152E695A0006B5DB /* Foundation.framework */,
				1AF444FA152E695A0006B5DB /* CoreGraphics.framework */,
			);
			name = Frameworks;
			sourceTree = "<group>";
		};
		1AF444FC152E695A0006B5DB /* Rendezvous */ = {
			isa = PBXGroup;
			children = (
				1AF44505152E695A0006B5DB /* rdvAppDelegate.h */,
				1AF44506152E695A0006B5DB /* rdvAppDelegate.m */,
				1AF44508152E695A0006B5DB /* MainStoryboard.storyboard */,
				1AF4450B152E695A0006B5DB /* rdvFirstViewController.h */,
				1AF4450C152E695A0006B5DB /* rdvFirstViewController.m */,
				1AF4450E152E695A0006B5DB /* first.png */,
				1AF44510152E695A0006B5DB /* first@2x.png */,
				1AF44512152E695A0006B5DB /* rdvSecondViewController.h */,
				1AF44513152E695A0006B5DB /* rdvSecondViewController.m */,
				1AF44515152E695A0006B5DB /* second.png */,
				1AF44517152E695A0006B5DB /* second@2x.png */,
				1AF444FD152E695A0006B5DB /* Supporting Files */,
			);
			path = Rendezvous;
			sourceTree = "<group>";
		};
		1AF444FD152E695A0006B5DB /* Supporting Files */ = {
			isa = PBXGroup;
			children = (
				1AF444FE152E695A0006B5DB /* Rendezvous-Info.plist */,
				1AF444FF152E695A0006B5DB /* InfoPlist.strings */,
				1AF44502152E695A0006B5DB /* main.m */,
				1AF44504152E695A0006B5DB /* Rendezvous-Prefix.pch */,
			);
			name = "Supporting Files";
			sourceTree = "<group>";
		};
/* End PBXGroup section */

/* Begin PBXNativeTarget section */
		1AF444F1152E695A0006B5DB /* Rendezvous */ = {
			isa = PBXNativeTarget;
			buildConfigurationList = 1AF4451B152E695A0006B5DB /* Build configuration list for PBXNativeTarget "Rendezvous" */;
			buildPhases = (
				1AF444EE152E695A0006B5DB /* Sources */,
				1AF444EF152E695A0006B5DB /* Frameworks */,
				1AF444F0152E695A0006B5DB /* Resources */,
			);
			buildRules = (
			);
			dependencies = (
			);
			name = Rendezvous;
			productName = Rendezvous;
			productReference = 1AF444F2152E695A0006B5DB /* Rendezvous.app */;
			productType = "com.apple.product-type.application";
		};
/* End PBXNativeTarget section */

/* Begin PBXProject section */
		1AF444E9152E695A0006B5DB /* Project object */ = {
			isa = PBXProject;
			attributes = {
				CLASSPREFIX = rdv;
				LastUpgradeCheck = 0430;
				ORGANIZATIONNAME = "Princeton University";
			};
			buildConfigurationList = 1AF444EC152E695A0006B5DB /* Build configuration list for PBXProject "Rendezvous" */;
			compatibilityVersion = "Xcode 3.2";
			developmentRegion = English;
			hasScannedForEncodings = 0;
			knownRegions = (
				en,
			);
			mainGroup = 1AF444E7152E695A0006B5DB;
			productRefGroup = 1AF444F3152E695A0006B5DB /* Products */;
			projectDirPath = "";
			projectRoot = "";
			targets = (
				1AF444F1152E695A0006B5DB /* Rendezvous */,
			);
		};
/* End PBXProject section */

/* Begin PBXResourcesBuildPhase section */
		1AF444F0152E695A0006B5DB /* Resources */ = {
			isa = PBXResourcesBuildPhase;
			buildActionMask = 2147483647;
			files = (
				1AF44501152E695A0006B5DB /* InfoPlist.strings in Resources */,
				1AF4450A152E695A0006B5DB /* MainStoryboard.storyboard in Resources */,
				1AF4450F152E695A0006B5DB /* first.png in Resources */,
				1AF44511152E695A0006B5DB /* first@2x.png in Resources */,
				1AF44516152E695A0006B5DB /* second.png in Resources */,
				1AF44518152E695A0006B5DB /* second@2x.png in Resources */,
			);
			runOnlyForDeploymentPostprocessing = 0;
		};
/* End PBXResourcesBuildPhase section */

/* Begin PBXSourcesBuildPhase section */
		1AF444EE152E695A0006B5DB /* Sources */ = {
			isa = PBXSourcesBuildPhase;
			buildActionMask = 2147483647;
			files = (
				1AF44503152E695A0006B5DB /* main.m in Sources */,
				1AF44507152E695A0006B5DB /* rdvAppDelegate.m in Sources */,
				1AF4450D152E695A0006B5DB /* rdvFirstViewController.m in Sources */,
				1AF44514152E695A0006B5DB /* rdvSecondViewController.m in Sources */,
			);
			runOnlyForDeploymentPostprocessing = 0;
		};
/* End PBXSourcesBuildPhase section */

/* Begin PBXVariantGroup section */
		1AF444FF152E695A0006B5DB /* InfoPlist.strings */ = {
			isa = PBXVariantGroup;
			children = (
				1AF44500152E695A0006B5DB /* en */,
			);
			name = InfoPlist.strings;
			sourceTree = "<group>";
		};
		1AF44508152E695A0006B5DB /* MainStoryboard.storyboard */ = {
			isa = PBXVariantGroup;
			children = (
				1AF44509152E695A0006B5DB /* en */,
			);
			name = MainStoryboard.storyboard;
			sourceTree = "<group>";
		};
/* End PBXVariantGroup section */

/* Begin XCBuildConfiguration section */
		1AF44519152E695A0006B5DB /* Debug */ = {
			isa = XCBuildConfiguration;
			buildSettings = {
				ALWAYS_SEARCH_USER_PATHS = NO;
				ARCHS = "$(ARCHS_STANDARD_32_BIT)";
				CLANG_ENABLE_OBJC_ARC = YES;
				"CODE_SIGN_IDENTITY[sdk=iphoneos*]" = "iPhone Developer";
				COPY_PHASE_STRIP = NO;
				GCC_C_LANGUAGE_STANDARD = gnu99;
				GCC_DYNAMIC_NO_PIC = NO;
				GCC_OPTIMIZATION_LEVEL = 0;
				GCC_PREPROCESSOR_DEFINITIONS = (
					"DEBUG=1",
					"$(inherited)",
				);
				GCC_SYMBOLS_PRIVATE_EXTERN = NO;
				GCC_VERSION = com.apple.compilers.llvm.clang.1_0;
				GCC_WARN_ABOUT_RETURN_TYPE = YES;
				GCC_WARN_UNINITIALIZED_AUTOS = YES;
				GCC_WARN_UNUSED_VARIABLE = YES;
				IPHONEOS_DEPLOYMENT_TARGET = 5.1;
				SDKROOT = iphoneos;
			};
			name = Debug;
		};
		1AF4451A152E695A0006B5DB /* Release */ = {
			isa = XCBuildConfiguration;
			buildSettings = {
				ALWAYS_SEARCH_USER_PATHS = NO;
				ARCHS = "$(ARCHS_STANDARD_32_BIT)";
				CLANG_ENABLE_OBJC_ARC = YES;
				"CODE_SIGN_IDENTITY[sdk=iphoneos*]" = "iPhone Developer";
				COPY_PHASE_STRIP = YES;
				GCC_C_LANGUAGE_STANDARD = gnu99;
				GCC_VERSION = com.apple.compilers.llvm.clang.1_0;
				GCC_WARN_ABOUT_RETURN_TYPE = YES;
				GCC_WARN_UNINITIALIZED_AUTOS = YES;
				GCC_WARN_UNUSED_VARIABLE = YES;
				IPHONEOS_DEPLOYMENT_TARGET = 5.1;
				OTHER_CFLAGS = "-DNS_BLOCK_ASSERTIONS=1";
				SDKROOT = iphoneos;
				VALIDATE_PRODUCT = YES;
			};
			name = Release;
		};
		1AF4451C152E695A0006B5DB /* Debug */ = {
			isa = XCBuildConfiguration;
			buildSettings = {
				GCC_PRECOMPILE_PREFIX_HEADER = YES;
				GCC_PREFIX_HEADER = "Rendezvous/Rendezvous-Prefix.pch";
				INFOPLIST_FILE = "Rendezvous/Rendezvous-Info.plist";
				PRODUCT_NAME = "$(TARGET_NAME)";
				WRAPPER_EXTENSION = app;
			};
			name = Debug;
		};
		1AF4451D152E695A0006B5DB /* Release */ = {
			isa = XCBuildConfiguration;
			buildSettings = {
				GCC_PRECOMPILE_PREFIX_HEADER = YES;
				GCC_PREFIX_HEADER = "Rendezvous/Rendezvous-Prefix.pch";
				INFOPLIST_FILE = "Rendezvous/Rendezvous-Info.plist";
				PRODUCT_NAME = "$(TARGET_NAME)";
				WRAPPER_EXTENSION = app;
			};
			name = Release;
		};
/* End XCBuildConfiguration section */

/* Begin XCConfigurationList section */
		1AF444EC152E695A0006B5DB /* Build configuration list for PBXProject "Rendezvous" */ = {
			isa = XCConfigurationList;
			buildConfigurations = (
				1AF44519152E695A0006B5DB /* Debug */,
				1AF4451A152E695A0006B5DB /* Release */,
			);
			defaultConfigurationIsVisible = 0;
			defaultConfigurationName = Release;
		};
		1AF4451B152E695A0006B5DB /* Build configuration list for PBXNativeTarget "Rendezvous" */ = {
			isa = XCConfigurationList;
			buildConfigurations = (
				1AF4451C152E695A0006B5DB /* Debug */,
				1AF4451D152E695A0006B5DB /* Release */,
			);
			defaultConfigurationIsVisible = 0;
		};
/* End XCConfigurationList section */
	};
	rootObject = 1AF444E9152E695A0006B5DB /* Project object */;
}
