// !$*UTF8*$!
{
	archiveVersion = 1;
	classes = {
	};
	objectVersion = 46;
	objects = {

/* Begin PBXBuildFile section */
		1A06AD551533EC3C0023E769 /* MapKit.framework in Frameworks */ = {isa = PBXBuildFile; fileRef = 1A06AD541533EC3C0023E769 /* MapKit.framework */; };
		1A082377155B86D100BFD2A9 /* pin.png in Resources */ = {isa = PBXBuildFile; fileRef = 1A082376155B86D100BFD2A9 /* pin.png */; };
		1A082379155B959200BFD2A9 /* pin@2x.png in Resources */ = {isa = PBXBuildFile; fileRef = 1A082378155B959200BFD2A9 /* pin@2x.png */; };
		1A0876F5154A5D360079276F /* ConnectingViewController.m in Sources */ = {isa = PBXBuildFile; fileRef = 1A0876F4154A5D360079276F /* ConnectingViewController.m */; };
		1A18B344153808FF006C8BF7 /* CoreLocation.framework in Frameworks */ = {isa = PBXBuildFile; fileRef = 1A18B343153808FF006C8BF7 /* CoreLocation.framework */; };
		1A2597001559A09C00131467 /* ReceivingViewController.m in Sources */ = {isa = PBXBuildFile; fileRef = 1A2596FF1559A09C00131467 /* ReceivingViewController.m */; };
		1A2597031559A56500131467 /* lumofish.png in Resources */ = {isa = PBXBuildFile; fileRef = 1A2597021559A56500131467 /* lumofish.png */; };
		1A2597061559A74500131467 /* SplashViewController.m in Sources */ = {isa = PBXBuildFile; fileRef = 1A2597051559A74500131467 /* SplashViewController.m */; };
		1A2D33D715387E7E003FC6A3 /* FBDialog.bundle in Resources */ = {isa = PBXBuildFile; fileRef = 1A2D33CA15387E7E003FC6A3 /* FBDialog.bundle */; };
		1A2D33D815387E7E003FC6A3 /* libfacebook_ios_sdk.a in Frameworks */ = {isa = PBXBuildFile; fileRef = 1A2D33D015387E7E003FC6A3 /* libfacebook_ios_sdk.a */; };
		1A6C93F3153D049400C7D6ED /* AFHTTPClient.m in Sources */ = {isa = PBXBuildFile; fileRef = 1A6C93DF153D049400C7D6ED /* AFHTTPClient.m */; settings = {COMPILER_FLAGS = "-fno-objc-arc"; }; };
		1A6C93F4153D049400C7D6ED /* AFHTTPRequestOperation.m in Sources */ = {isa = PBXBuildFile; fileRef = 1A6C93E1153D049400C7D6ED /* AFHTTPRequestOperation.m */; settings = {COMPILER_FLAGS = "-fno-objc-arc"; }; };
		1A6C93F5153D049400C7D6ED /* AFImageRequestOperation.m in Sources */ = {isa = PBXBuildFile; fileRef = 1A6C93E3153D049400C7D6ED /* AFImageRequestOperation.m */; settings = {COMPILER_FLAGS = "-fno-objc-arc"; }; };
		1A6C93F6153D049400C7D6ED /* AFJSONRequestOperation.m in Sources */ = {isa = PBXBuildFile; fileRef = 1A6C93E5153D049400C7D6ED /* AFJSONRequestOperation.m */; settings = {COMPILER_FLAGS = "-fno-objc-arc"; }; };
		1A6C93F7153D049400C7D6ED /* AFJSONUtilities.m in Sources */ = {isa = PBXBuildFile; fileRef = 1A6C93E7153D049400C7D6ED /* AFJSONUtilities.m */; settings = {COMPILER_FLAGS = "-fno-objc-arc"; }; };
		1A6C93F8153D049400C7D6ED /* AFNetworkActivityIndicatorManager.m in Sources */ = {isa = PBXBuildFile; fileRef = 1A6C93E9153D049400C7D6ED /* AFNetworkActivityIndicatorManager.m */; settings = {COMPILER_FLAGS = "-fno-objc-arc"; }; };
		1A6C93F9153D049400C7D6ED /* AFPropertyListRequestOperation.m in Sources */ = {isa = PBXBuildFile; fileRef = 1A6C93EC153D049400C7D6ED /* AFPropertyListRequestOperation.m */; settings = {COMPILER_FLAGS = "-fno-objc-arc"; }; };
		1A6C93FA153D049400C7D6ED /* AFURLConnectionOperation.m in Sources */ = {isa = PBXBuildFile; fileRef = 1A6C93EE153D049400C7D6ED /* AFURLConnectionOperation.m */; settings = {COMPILER_FLAGS = "-fno-objc-arc"; }; };
		1A6C93FB153D049400C7D6ED /* AFXMLRequestOperation.m in Sources */ = {isa = PBXBuildFile; fileRef = 1A6C93F0153D049400C7D6ED /* AFXMLRequestOperation.m */; settings = {COMPILER_FLAGS = "-fno-objc-arc"; }; };
		1A6C93FC153D049400C7D6ED /* UIImageView+AFNetworking.m in Sources */ = {isa = PBXBuildFile; fileRef = 1A6C93F2153D049400C7D6ED /* UIImageView+AFNetworking.m */; settings = {COMPILER_FLAGS = "-fno-objc-arc"; }; };
		1A6C9403153D137000C7D6ED /* LocationRelay.m in Sources */ = {isa = PBXBuildFile; fileRef = 1A6C9402153D137000C7D6ED /* LocationRelay.m */; };
		1A96B6D71558AE340089CDC7 /* lumofish57.png in Resources */ = {isa = PBXBuildFile; fileRef = 1A96B6D61558AE340089CDC7 /* lumofish57.png */; };
		1A96B6D91558AE390089CDC7 /* lumofish114.png in Resources */ = {isa = PBXBuildFile; fileRef = 1A96B6D81558AE390089CDC7 /* lumofish114.png */; };
		1A9AA68715368016001B5614 /* Pin.m in Sources */ = {isa = PBXBuildFile; fileRef = 1A9AA68615368016001B5614 /* Pin.m */; };
		1AC8E360155C58B4006925B7 /* dot@2x.png in Resources */ = {isa = PBXBuildFile; fileRef = 1AC8E35F155C58B4006925B7 /* dot@2x.png */; };
		1AC8E363155C639F006925B7 /* rezoom@2x.png in Resources */ = {isa = PBXBuildFile; fileRef = 1AC8E362155C639F006925B7 /* rezoom@2x.png */; };
		1AC8E365155C6581006925B7 /* rezoom.png in Resources */ = {isa = PBXBuildFile; fileRef = 1AC8E364155C6581006925B7 /* rezoom.png */; };
		1AC8E367155C670A006925B7 /* dot.png in Resources */ = {isa = PBXBuildFile; fileRef = 1AC8E366155C670A006925B7 /* dot.png */; };
		1AE29FA51533FC4300E651E4 /* MapViewController.m in Sources */ = {isa = PBXBuildFile; fileRef = 1AE29FA41533FC4300E651E4 /* MapViewController.m */; };
		1AF444F7152E695A0006B5DB /* UIKit.framework in Frameworks */ = {isa = PBXBuildFile; fileRef = 1AF444F6152E695A0006B5DB /* UIKit.framework */; };
		1AF444F9152E695A0006B5DB /* Foundation.framework in Frameworks */ = {isa = PBXBuildFile; fileRef = 1AF444F8152E695A0006B5DB /* Foundation.framework */; };
		1AF444FB152E695A0006B5DB /* CoreGraphics.framework in Frameworks */ = {isa = PBXBuildFile; fileRef = 1AF444FA152E695A0006B5DB /* CoreGraphics.framework */; };
		1AF44501152E695A0006B5DB /* InfoPlist.strings in Resources */ = {isa = PBXBuildFile; fileRef = 1AF444FF152E695A0006B5DB /* InfoPlist.strings */; };
		1AF44503152E695A0006B5DB /* main.m in Sources */ = {isa = PBXBuildFile; fileRef = 1AF44502152E695A0006B5DB /* main.m */; };
		1AF44507152E695A0006B5DB /* LumoAppDelegate.m in Sources */ = {isa = PBXBuildFile; fileRef = 1AF44506152E695A0006B5DB /* LumoAppDelegate.m */; };
		1AF4450A152E695A0006B5DB /* MainStoryboard.storyboard in Resources */ = {isa = PBXBuildFile; fileRef = 1AF44508152E695A0006B5DB /* MainStoryboard.storyboard */; };
		1AF4450F152E695A0006B5DB /* first.png in Resources */ = {isa = PBXBuildFile; fileRef = 1AF4450E152E695A0006B5DB /* first.png */; };
		1AF44511152E695A0006B5DB /* first@2x.png in Resources */ = {isa = PBXBuildFile; fileRef = 1AF44510152E695A0006B5DB /* first@2x.png */; };
		1AF44514152E695A0006B5DB /* ContactsViewController.m in Sources */ = {isa = PBXBuildFile; fileRef = 1AF44513152E695A0006B5DB /* ContactsViewController.m */; };
		1AF44516152E695A0006B5DB /* second.png in Resources */ = {isa = PBXBuildFile; fileRef = 1AF44515152E695A0006B5DB /* second.png */; };
		1AF44518152E695A0006B5DB /* second@2x.png in Resources */ = {isa = PBXBuildFile; fileRef = 1AF44517152E695A0006B5DB /* second@2x.png */; };
		B56008FE15550569008936C9 /* Authentication.m in Sources */ = {isa = PBXBuildFile; fileRef = B56008FD15550569008936C9 /* Authentication.m */; };
		B560090215550C09008936C9 /* CallManager.m in Sources */ = {isa = PBXBuildFile; fileRef = B560090115550C09008936C9 /* CallManager.m */; };
		B560090515550FE6008936C9 /* LumoRequest.m in Sources */ = {isa = PBXBuildFile; fileRef = B560090415550FE6008936C9 /* LumoRequest.m */; };
		B560090815559BF7008936C9 /* ContactsManager.m in Sources */ = {isa = PBXBuildFile; fileRef = B560090715559BF7008936C9 /* ContactsManager.m */; };
		B5C7D90515523E250080E630 /* Localizable.strings in Resources */ = {isa = PBXBuildFile; fileRef = B5C7D90415523E250080E630 /* Localizable.strings */; };
/* End PBXBuildFile section */

/* Begin PBXFileReference section */
		1A06AD541533EC3C0023E769 /* MapKit.framework */ = {isa = PBXFileReference; lastKnownFileType = wrapper.framework; name = MapKit.framework; path = System/Library/Frameworks/MapKit.framework; sourceTree = SDKROOT; };
		1A082376155B86D100BFD2A9 /* pin.png */ = {isa = PBXFileReference; lastKnownFileType = image.png; name = pin.png; path = Images/pin.png; sourceTree = SOURCE_ROOT; };
		1A082378155B959200BFD2A9 /* pin@2x.png */ = {isa = PBXFileReference; lastKnownFileType = image.png; name = "pin@2x.png"; path = "Images/pin@2x.png"; sourceTree = SOURCE_ROOT; };
		1A0876F3154A5D360079276F /* ConnectingViewController.h */ = {isa = PBXFileReference; fileEncoding = 4; lastKnownFileType = sourcecode.c.h; lineEnding = 0; path = ConnectingViewController.h; sourceTree = "<group>"; xcLanguageSpecificationIdentifier = xcode.lang.objcpp; };
		1A0876F4154A5D360079276F /* ConnectingViewController.m */ = {isa = PBXFileReference; fileEncoding = 4; lastKnownFileType = sourcecode.c.objc; lineEnding = 0; path = ConnectingViewController.m; sourceTree = "<group>"; xcLanguageSpecificationIdentifier = xcode.lang.objc; };
		1A18B343153808FF006C8BF7 /* CoreLocation.framework */ = {isa = PBXFileReference; lastKnownFileType = wrapper.framework; name = CoreLocation.framework; path = System/Library/Frameworks/CoreLocation.framework; sourceTree = SDKROOT; };
		1A2596FE1559A09C00131467 /* ReceivingViewController.h */ = {isa = PBXFileReference; fileEncoding = 4; lastKnownFileType = sourcecode.c.h; path = ReceivingViewController.h; sourceTree = "<group>"; };
		1A2596FF1559A09C00131467 /* ReceivingViewController.m */ = {isa = PBXFileReference; fileEncoding = 4; lastKnownFileType = sourcecode.c.objc; path = ReceivingViewController.m; sourceTree = "<group>"; };
		1A2597021559A56500131467 /* lumofish.png */ = {isa = PBXFileReference; lastKnownFileType = image.png; name = lumofish.png; path = ../Images/lumofish.png; sourceTree = "<group>"; };
		1A2597041559A74500131467 /* SplashViewController.h */ = {isa = PBXFileReference; fileEncoding = 4; lastKnownFileType = sourcecode.c.h; path = SplashViewController.h; sourceTree = "<group>"; };
		1A2597051559A74500131467 /* SplashViewController.m */ = {isa = PBXFileReference; fileEncoding = 4; lastKnownFileType = sourcecode.c.objc; path = SplashViewController.m; sourceTree = "<group>"; };
		1A2D33C815387E7E003FC6A3 /* Facebook.h */ = {isa = PBXFileReference; fileEncoding = 4; lastKnownFileType = sourcecode.c.h; path = Facebook.h; sourceTree = "<group>"; };
		1A2D33C915387E7E003FC6A3 /* FBConnect.h */ = {isa = PBXFileReference; fileEncoding = 4; lastKnownFileType = sourcecode.c.h; path = FBConnect.h; sourceTree = "<group>"; };
		1A2D33CA15387E7E003FC6A3 /* FBDialog.bundle */ = {isa = PBXFileReference; lastKnownFileType = "wrapper.plug-in"; path = FBDialog.bundle; sourceTree = "<group>"; };
		1A2D33CB15387E7E003FC6A3 /* FBDialog.h */ = {isa = PBXFileReference; fileEncoding = 4; lastKnownFileType = sourcecode.c.h; path = FBDialog.h; sourceTree = "<group>"; };
		1A2D33CC15387E7E003FC6A3 /* FBFrictionlessRequestSettings.h */ = {isa = PBXFileReference; fileEncoding = 4; lastKnownFileType = sourcecode.c.h; path = FBFrictionlessRequestSettings.h; sourceTree = "<group>"; };
		1A2D33CD15387E7E003FC6A3 /* FBLoginDialog.h */ = {isa = PBXFileReference; fileEncoding = 4; lastKnownFileType = sourcecode.c.h; path = FBLoginDialog.h; sourceTree = "<group>"; };
		1A2D33CE15387E7E003FC6A3 /* FBRequest.h */ = {isa = PBXFileReference; fileEncoding = 4; lastKnownFileType = sourcecode.c.h; path = FBRequest.h; sourceTree = "<group>"; };
		1A2D33CF15387E7E003FC6A3 /* JSON.h */ = {isa = PBXFileReference; fileEncoding = 4; lastKnownFileType = sourcecode.c.h; path = JSON.h; sourceTree = "<group>"; };
		1A2D33D015387E7E003FC6A3 /* libfacebook_ios_sdk.a */ = {isa = PBXFileReference; lastKnownFileType = archive.ar; path = libfacebook_ios_sdk.a; sourceTree = "<group>"; };
		1A2D33D115387E7E003FC6A3 /* NSObject+SBJSON.h */ = {isa = PBXFileReference; fileEncoding = 4; lastKnownFileType = sourcecode.c.h; path = "NSObject+SBJSON.h"; sourceTree = "<group>"; };
		1A2D33D215387E7E003FC6A3 /* NSString+SBJSON.h */ = {isa = PBXFileReference; fileEncoding = 4; lastKnownFileType = sourcecode.c.h; path = "NSString+SBJSON.h"; sourceTree = "<group>"; };
		1A2D33D315387E7E003FC6A3 /* SBJSON.h */ = {isa = PBXFileReference; fileEncoding = 4; lastKnownFileType = sourcecode.c.h; path = SBJSON.h; sourceTree = "<group>"; };
		1A2D33D415387E7E003FC6A3 /* SBJsonBase.h */ = {isa = PBXFileReference; fileEncoding = 4; lastKnownFileType = sourcecode.c.h; path = SBJsonBase.h; sourceTree = "<group>"; };
		1A2D33D515387E7E003FC6A3 /* SBJsonParser.h */ = {isa = PBXFileReference; fileEncoding = 4; lastKnownFileType = sourcecode.c.h; path = SBJsonParser.h; sourceTree = "<group>"; };
		1A2D33D615387E7E003FC6A3 /* SBJsonWriter.h */ = {isa = PBXFileReference; fileEncoding = 4; lastKnownFileType = sourcecode.c.h; path = SBJsonWriter.h; sourceTree = "<group>"; };
		1A6C93DE153D049400C7D6ED /* AFHTTPClient.h */ = {isa = PBXFileReference; fileEncoding = 4; lastKnownFileType = sourcecode.c.h; path = AFHTTPClient.h; sourceTree = "<group>"; };
		1A6C93DF153D049400C7D6ED /* AFHTTPClient.m */ = {isa = PBXFileReference; fileEncoding = 4; lastKnownFileType = sourcecode.c.objc; path = AFHTTPClient.m; sourceTree = "<group>"; };
		1A6C93E0153D049400C7D6ED /* AFHTTPRequestOperation.h */ = {isa = PBXFileReference; fileEncoding = 4; lastKnownFileType = sourcecode.c.h; path = AFHTTPRequestOperation.h; sourceTree = "<group>"; };
		1A6C93E1153D049400C7D6ED /* AFHTTPRequestOperation.m */ = {isa = PBXFileReference; fileEncoding = 4; lastKnownFileType = sourcecode.c.objc; path = AFHTTPRequestOperation.m; sourceTree = "<group>"; };
		1A6C93E2153D049400C7D6ED /* AFImageRequestOperation.h */ = {isa = PBXFileReference; fileEncoding = 4; lastKnownFileType = sourcecode.c.h; path = AFImageRequestOperation.h; sourceTree = "<group>"; };
		1A6C93E3153D049400C7D6ED /* AFImageRequestOperation.m */ = {isa = PBXFileReference; fileEncoding = 4; lastKnownFileType = sourcecode.c.objc; path = AFImageRequestOperation.m; sourceTree = "<group>"; };
		1A6C93E4153D049400C7D6ED /* AFJSONRequestOperation.h */ = {isa = PBXFileReference; fileEncoding = 4; lastKnownFileType = sourcecode.c.h; path = AFJSONRequestOperation.h; sourceTree = "<group>"; };
		1A6C93E5153D049400C7D6ED /* AFJSONRequestOperation.m */ = {isa = PBXFileReference; fileEncoding = 4; lastKnownFileType = sourcecode.c.objc; path = AFJSONRequestOperation.m; sourceTree = "<group>"; };
		1A6C93E6153D049400C7D6ED /* AFJSONUtilities.h */ = {isa = PBXFileReference; fileEncoding = 4; lastKnownFileType = sourcecode.c.h; path = AFJSONUtilities.h; sourceTree = "<group>"; };
		1A6C93E7153D049400C7D6ED /* AFJSONUtilities.m */ = {isa = PBXFileReference; fileEncoding = 4; lastKnownFileType = sourcecode.c.objc; path = AFJSONUtilities.m; sourceTree = "<group>"; };
		1A6C93E8153D049400C7D6ED /* AFNetworkActivityIndicatorManager.h */ = {isa = PBXFileReference; fileEncoding = 4; lastKnownFileType = sourcecode.c.h; path = AFNetworkActivityIndicatorManager.h; sourceTree = "<group>"; };
		1A6C93E9153D049400C7D6ED /* AFNetworkActivityIndicatorManager.m */ = {isa = PBXFileReference; fileEncoding = 4; lastKnownFileType = sourcecode.c.objc; path = AFNetworkActivityIndicatorManager.m; sourceTree = "<group>"; };
		1A6C93EA153D049400C7D6ED /* AFNetworking.h */ = {isa = PBXFileReference; fileEncoding = 4; lastKnownFileType = sourcecode.c.h; path = AFNetworking.h; sourceTree = "<group>"; };
		1A6C93EB153D049400C7D6ED /* AFPropertyListRequestOperation.h */ = {isa = PBXFileReference; fileEncoding = 4; lastKnownFileType = sourcecode.c.h; path = AFPropertyListRequestOperation.h; sourceTree = "<group>"; };
		1A6C93EC153D049400C7D6ED /* AFPropertyListRequestOperation.m */ = {isa = PBXFileReference; fileEncoding = 4; lastKnownFileType = sourcecode.c.objc; path = AFPropertyListRequestOperation.m; sourceTree = "<group>"; };
		1A6C93ED153D049400C7D6ED /* AFURLConnectionOperation.h */ = {isa = PBXFileReference; fileEncoding = 4; lastKnownFileType = sourcecode.c.h; path = AFURLConnectionOperation.h; sourceTree = "<group>"; };
		1A6C93EE153D049400C7D6ED /* AFURLConnectionOperation.m */ = {isa = PBXFileReference; fileEncoding = 4; lastKnownFileType = sourcecode.c.objc; path = AFURLConnectionOperation.m; sourceTree = "<group>"; };
		1A6C93EF153D049400C7D6ED /* AFXMLRequestOperation.h */ = {isa = PBXFileReference; fileEncoding = 4; lastKnownFileType = sourcecode.c.h; path = AFXMLRequestOperation.h; sourceTree = "<group>"; };
		1A6C93F0153D049400C7D6ED /* AFXMLRequestOperation.m */ = {isa = PBXFileReference; fileEncoding = 4; lastKnownFileType = sourcecode.c.objc; path = AFXMLRequestOperation.m; sourceTree = "<group>"; };
		1A6C93F1153D049400C7D6ED /* UIImageView+AFNetworking.h */ = {isa = PBXFileReference; fileEncoding = 4; lastKnownFileType = sourcecode.c.h; path = "UIImageView+AFNetworking.h"; sourceTree = "<group>"; };
		1A6C93F2153D049400C7D6ED /* UIImageView+AFNetworking.m */ = {isa = PBXFileReference; fileEncoding = 4; lastKnownFileType = sourcecode.c.objc; path = "UIImageView+AFNetworking.m"; sourceTree = "<group>"; };
		1A6C9401153D137000C7D6ED /* LocationRelay.h */ = {isa = PBXFileReference; fileEncoding = 4; lastKnownFileType = sourcecode.c.h; lineEnding = 0; path = LocationRelay.h; sourceTree = "<group>"; xcLanguageSpecificationIdentifier = xcode.lang.objcpp; };
		1A6C9402153D137000C7D6ED /* LocationRelay.m */ = {isa = PBXFileReference; fileEncoding = 4; lastKnownFileType = sourcecode.c.objc; lineEnding = 0; path = LocationRelay.m; sourceTree = "<group>"; xcLanguageSpecificationIdentifier = xcode.lang.objc; };
		1A96B6D61558AE340089CDC7 /* lumofish57.png */ = {isa = PBXFileReference; lastKnownFileType = image.png; name = lumofish57.png; path = ../Images/lumofish57.png; sourceTree = "<group>"; };
		1A96B6D81558AE390089CDC7 /* lumofish114.png */ = {isa = PBXFileReference; lastKnownFileType = image.png; name = lumofish114.png; path = ../Images/lumofish114.png; sourceTree = "<group>"; };
		1A9AA68515368016001B5614 /* Pin.h */ = {isa = PBXFileReference; fileEncoding = 4; lastKnownFileType = sourcecode.c.h; lineEnding = 0; path = Pin.h; sourceTree = "<group>"; xcLanguageSpecificationIdentifier = xcode.lang.objcpp; };
		1A9AA68615368016001B5614 /* Pin.m */ = {isa = PBXFileReference; fileEncoding = 4; lastKnownFileType = sourcecode.c.objc; lineEnding = 0; path = Pin.m; sourceTree = "<group>"; xcLanguageSpecificationIdentifier = xcode.lang.objc; };
		1AC8E35F155C58B4006925B7 /* dot@2x.png */ = {isa = PBXFileReference; lastKnownFileType = image.png; name = "dot@2x.png"; path = "Images/dot@2x.png"; sourceTree = SOURCE_ROOT; };
		1AC8E362155C639F006925B7 /* rezoom@2x.png */ = {isa = PBXFileReference; lastKnownFileType = image.png; name = "rezoom@2x.png"; path = "Images/rezoom@2x.png"; sourceTree = SOURCE_ROOT; };
		1AC8E364155C6581006925B7 /* rezoom.png */ = {isa = PBXFileReference; lastKnownFileType = image.png; name = rezoom.png; path = Images/rezoom.png; sourceTree = SOURCE_ROOT; };
		1AC8E366155C670A006925B7 /* dot.png */ = {isa = PBXFileReference; lastKnownFileType = image.png; name = dot.png; path = Images/dot.png; sourceTree = SOURCE_ROOT; };
		1AE29FA31533FC4300E651E4 /* MapViewController.h */ = {isa = PBXFileReference; fileEncoding = 4; lastKnownFileType = sourcecode.c.h; lineEnding = 0; path = MapViewController.h; sourceTree = "<group>"; xcLanguageSpecificationIdentifier = xcode.lang.objcpp; };
		1AE29FA41533FC4300E651E4 /* MapViewController.m */ = {isa = PBXFileReference; fileEncoding = 4; lastKnownFileType = sourcecode.c.objc; lineEnding = 0; path = MapViewController.m; sourceTree = "<group>"; xcLanguageSpecificationIdentifier = xcode.lang.objc; };
		1AF444F2152E695A0006B5DB /* Lumo.app */ = {isa = PBXFileReference; explicitFileType = wrapper.application; includeInIndex = 0; path = Lumo.app; sourceTree = BUILT_PRODUCTS_DIR; };
		1AF444F6152E695A0006B5DB /* UIKit.framework */ = {isa = PBXFileReference; lastKnownFileType = wrapper.framework; name = UIKit.framework; path = System/Library/Frameworks/UIKit.framework; sourceTree = SDKROOT; };
		1AF444F8152E695A0006B5DB /* Foundation.framework */ = {isa = PBXFileReference; lastKnownFileType = wrapper.framework; name = Foundation.framework; path = System/Library/Frameworks/Foundation.framework; sourceTree = SDKROOT; };
		1AF444FA152E695A0006B5DB /* CoreGraphics.framework */ = {isa = PBXFileReference; lastKnownFileType = wrapper.framework; name = CoreGraphics.framework; path = System/Library/Frameworks/CoreGraphics.framework; sourceTree = SDKROOT; };
		1AF444FE152E695A0006B5DB /* Info.plist */ = {isa = PBXFileReference; lastKnownFileType = text.plist.xml; path = Info.plist; sourceTree = "<group>"; };
		1AF44500152E695A0006B5DB /* en */ = {isa = PBXFileReference; lastKnownFileType = text.plist.strings; name = en; path = en.lproj/InfoPlist.strings; sourceTree = "<group>"; };
		1AF44502152E695A0006B5DB /* main.m */ = {isa = PBXFileReference; lastKnownFileType = sourcecode.c.objc; lineEnding = 0; path = main.m; sourceTree = "<group>"; xcLanguageSpecificationIdentifier = xcode.lang.objc; };
		1AF44504152E695A0006B5DB /* Prefix.pch */ = {isa = PBXFileReference; lastKnownFileType = sourcecode.c.h; lineEnding = 0; path = Prefix.pch; sourceTree = "<group>"; xcLanguageSpecificationIdentifier = xcode.lang.objc; };
		1AF44505152E695A0006B5DB /* LumoAppDelegate.h */ = {isa = PBXFileReference; lastKnownFileType = sourcecode.c.h; lineEnding = 0; path = LumoAppDelegate.h; sourceTree = "<group>"; xcLanguageSpecificationIdentifier = xcode.lang.objcpp; };
		1AF44506152E695A0006B5DB /* LumoAppDelegate.m */ = {isa = PBXFileReference; lastKnownFileType = sourcecode.c.objc; lineEnding = 0; path = LumoAppDelegate.m; sourceTree = "<group>"; xcLanguageSpecificationIdentifier = xcode.lang.objc; };
		1AF44509152E695A0006B5DB /* en */ = {isa = PBXFileReference; lastKnownFileType = file.storyboard; name = en; path = en.lproj/MainStoryboard.storyboard; sourceTree = "<group>"; };
		1AF4450E152E695A0006B5DB /* first.png */ = {isa = PBXFileReference; lastKnownFileType = image.png; name = first.png; path = ../Images/first.png; sourceTree = "<group>"; };
		1AF44510152E695A0006B5DB /* first@2x.png */ = {isa = PBXFileReference; lastKnownFileType = image.png; name = "first@2x.png"; path = "../Images/first@2x.png"; sourceTree = "<group>"; };
		1AF44512152E695A0006B5DB /* ContactsViewController.h */ = {isa = PBXFileReference; lastKnownFileType = sourcecode.c.h; lineEnding = 0; path = ContactsViewController.h; sourceTree = "<group>"; xcLanguageSpecificationIdentifier = xcode.lang.objcpp; };
		1AF44513152E695A0006B5DB /* ContactsViewController.m */ = {isa = PBXFileReference; lastKnownFileType = sourcecode.c.objc; lineEnding = 0; path = ContactsViewController.m; sourceTree = "<group>"; xcLanguageSpecificationIdentifier = xcode.lang.objc; };
		1AF44515152E695A0006B5DB /* second.png */ = {isa = PBXFileReference; lastKnownFileType = image.png; name = second.png; path = ../Images/second.png; sourceTree = "<group>"; };
		1AF44517152E695A0006B5DB /* second@2x.png */ = {isa = PBXFileReference; lastKnownFileType = image.png; name = "second@2x.png"; path = "../Images/second@2x.png"; sourceTree = "<group>"; };
		B56008FC15550568008936C9 /* Authentication.h */ = {isa = PBXFileReference; fileEncoding = 4; lastKnownFileType = sourcecode.c.h; path = Authentication.h; sourceTree = "<group>"; };
		B56008FD15550569008936C9 /* Authentication.m */ = {isa = PBXFileReference; fileEncoding = 4; lastKnownFileType = sourcecode.c.objc; path = Authentication.m; sourceTree = "<group>"; };
		B560090015550C09008936C9 /* CallManager.h */ = {isa = PBXFileReference; fileEncoding = 4; lastKnownFileType = sourcecode.c.h; lineEnding = 0; path = CallManager.h; sourceTree = "<group>"; xcLanguageSpecificationIdentifier = xcode.lang.objcpp; };
		B560090115550C09008936C9 /* CallManager.m */ = {isa = PBXFileReference; fileEncoding = 4; lastKnownFileType = sourcecode.c.objc; lineEnding = 0; path = CallManager.m; sourceTree = "<group>"; xcLanguageSpecificationIdentifier = xcode.lang.objc; };
		B560090315550FE6008936C9 /* LumoRequest.h */ = {isa = PBXFileReference; fileEncoding = 4; lastKnownFileType = sourcecode.c.h; path = LumoRequest.h; sourceTree = "<group>"; };
		B560090415550FE6008936C9 /* LumoRequest.m */ = {isa = PBXFileReference; fileEncoding = 4; lastKnownFileType = sourcecode.c.objc; lineEnding = 0; path = LumoRequest.m; sourceTree = "<group>"; xcLanguageSpecificationIdentifier = xcode.lang.objc; };
		B560090615559BF7008936C9 /* ContactsManager.h */ = {isa = PBXFileReference; fileEncoding = 4; lastKnownFileType = sourcecode.c.h; path = ContactsManager.h; sourceTree = "<group>"; };
		B560090715559BF7008936C9 /* ContactsManager.m */ = {isa = PBXFileReference; fileEncoding = 4; lastKnownFileType = sourcecode.c.objc; path = ContactsManager.m; sourceTree = "<group>"; };
		B5C7D90415523E250080E630 /* Localizable.strings */ = {isa = PBXFileReference; fileEncoding = 4; lastKnownFileType = text.plist.strings; path = Localizable.strings; sourceTree = "<group>"; };
/* End PBXFileReference section */

/* Begin PBXFrameworksBuildPhase section */
		1AF444EF152E695A0006B5DB /* Frameworks */ = {
			isa = PBXFrameworksBuildPhase;
			buildActionMask = 2147483647;
			files = (
				1A18B344153808FF006C8BF7 /* CoreLocation.framework in Frameworks */,
				1A06AD551533EC3C0023E769 /* MapKit.framework in Frameworks */,
				1AF444F7152E695A0006B5DB /* UIKit.framework in Frameworks */,
				1AF444F9152E695A0006B5DB /* Foundation.framework in Frameworks */,
				1AF444FB152E695A0006B5DB /* CoreGraphics.framework in Frameworks */,
				1A2D33D815387E7E003FC6A3 /* libfacebook_ios_sdk.a in Frameworks */,
			);
			runOnlyForDeploymentPostprocessing = 0;
		};
/* End PBXFrameworksBuildPhase section */

/* Begin PBXGroup section */
		1A2D33C715387E7E003FC6A3 /* facebook-ios-sdk */ = {
			isa = PBXGroup;
			children = (
				1A2D33C815387E7E003FC6A3 /* Facebook.h */,
				1A2D33C915387E7E003FC6A3 /* FBConnect.h */,
				1A2D33CA15387E7E003FC6A3 /* FBDialog.bundle */,
				1A2D33CB15387E7E003FC6A3 /* FBDialog.h */,
				1A2D33CC15387E7E003FC6A3 /* FBFrictionlessRequestSettings.h */,
				1A2D33CD15387E7E003FC6A3 /* FBLoginDialog.h */,
				1A2D33CE15387E7E003FC6A3 /* FBRequest.h */,
				1A2D33CF15387E7E003FC6A3 /* JSON.h */,
				1A2D33D015387E7E003FC6A3 /* libfacebook_ios_sdk.a */,
				1A2D33D115387E7E003FC6A3 /* NSObject+SBJSON.h */,
				1A2D33D215387E7E003FC6A3 /* NSString+SBJSON.h */,
				1A2D33D315387E7E003FC6A3 /* SBJSON.h */,
				1A2D33D415387E7E003FC6A3 /* SBJsonBase.h */,
				1A2D33D515387E7E003FC6A3 /* SBJsonParser.h */,
				1A2D33D615387E7E003FC6A3 /* SBJsonWriter.h */,
			);
			name = "facebook-ios-sdk";
			path = "External/facebook-ios-sdk";
			sourceTree = "<group>";
		};
		1A6C93DD153D049400C7D6ED /* AFNetworking */ = {
			isa = PBXGroup;
			children = (
				1A6C93DE153D049400C7D6ED /* AFHTTPClient.h */,
				1A6C93DF153D049400C7D6ED /* AFHTTPClient.m */,
				1A6C93E0153D049400C7D6ED /* AFHTTPRequestOperation.h */,
				1A6C93E1153D049400C7D6ED /* AFHTTPRequestOperation.m */,
				1A6C93E2153D049400C7D6ED /* AFImageRequestOperation.h */,
				1A6C93E3153D049400C7D6ED /* AFImageRequestOperation.m */,
				1A6C93E4153D049400C7D6ED /* AFJSONRequestOperation.h */,
				1A6C93E5153D049400C7D6ED /* AFJSONRequestOperation.m */,
				1A6C93E6153D049400C7D6ED /* AFJSONUtilities.h */,
				1A6C93E7153D049400C7D6ED /* AFJSONUtilities.m */,
				1A6C93E8153D049400C7D6ED /* AFNetworkActivityIndicatorManager.h */,
				1A6C93E9153D049400C7D6ED /* AFNetworkActivityIndicatorManager.m */,
				1A6C93EA153D049400C7D6ED /* AFNetworking.h */,
				1A6C93EB153D049400C7D6ED /* AFPropertyListRequestOperation.h */,
				1A6C93EC153D049400C7D6ED /* AFPropertyListRequestOperation.m */,
				1A6C93ED153D049400C7D6ED /* AFURLConnectionOperation.h */,
				1A6C93EE153D049400C7D6ED /* AFURLConnectionOperation.m */,
				1A6C93EF153D049400C7D6ED /* AFXMLRequestOperation.h */,
				1A6C93F0153D049400C7D6ED /* AFXMLRequestOperation.m */,
				1A6C93F1153D049400C7D6ED /* UIImageView+AFNetworking.h */,
				1A6C93F2153D049400C7D6ED /* UIImageView+AFNetworking.m */,
			);
			name = AFNetworking;
			path = External/AFNetworking;
			sourceTree = "<group>";
		};
		1AF444E7152E695A0006B5DB = {
			isa = PBXGroup;
			children = (
				B5C7D8FC1551E3C90080E630 /* External */,
				1AF444FC152E695A0006B5DB /* Source */,
				1AF444F5152E695A0006B5DB /* Frameworks */,
				1AF444F3152E695A0006B5DB /* Products */,
			);
			sourceTree = "<group>";
		};
		1AF444F3152E695A0006B5DB /* Products */ = {
			isa = PBXGroup;
			children = (
				1AF444F2152E695A0006B5DB /* Lumo.app */,
			);
			name = Products;
			sourceTree = "<group>";
		};
		1AF444F5152E695A0006B5DB /* Frameworks */ = {
			isa = PBXGroup;
			children = (
				1A18B343153808FF006C8BF7 /* CoreLocation.framework */,
				1A06AD541533EC3C0023E769 /* MapKit.framework */,
				1AF444F6152E695A0006B5DB /* UIKit.framework */,
				1AF444F8152E695A0006B5DB /* Foundation.framework */,
				1AF444FA152E695A0006B5DB /* CoreGraphics.framework */,
			);
			name = Frameworks;
			sourceTree = "<group>";
		};
		1AF444FC152E695A0006B5DB /* Source */ = {
			isa = PBXGroup;
			children = (
				1AF44505152E695A0006B5DB /* LumoAppDelegate.h */,
				1AF44506152E695A0006B5DB /* LumoAppDelegate.m */,
				1AF44508152E695A0006B5DB /* MainStoryboard.storyboard */,
				B560090A1555D2AE008936C9 /* Controllers */,
				B560090B1555D2E5008936C9 /* Images */,
				B56009091555D2A8008936C9 /* Models */,
				1AF444FD152E695A0006B5DB /* Supporting Files */,
			);
			path = Source;
			sourceTree = "<group>";
		};
		1AF444FD152E695A0006B5DB /* Supporting Files */ = {
			isa = PBXGroup;
			children = (
				B5C7D90415523E250080E630 /* Localizable.strings */,
				1AF444FE152E695A0006B5DB /* Info.plist */,
				1AF444FF152E695A0006B5DB /* InfoPlist.strings */,
				1AF44502152E695A0006B5DB /* main.m */,
				1AF44504152E695A0006B5DB /* Prefix.pch */,
			);
			name = "Supporting Files";
			sourceTree = "<group>";
		};
		B56009091555D2A8008936C9 /* Models */ = {
			isa = PBXGroup;
			children = (
				B56008FC15550568008936C9 /* Authentication.h */,
				B56008FD15550569008936C9 /* Authentication.m */,
				B560090015550C09008936C9 /* CallManager.h */,
				B560090115550C09008936C9 /* CallManager.m */,
				B560090615559BF7008936C9 /* ContactsManager.h */,
				B560090715559BF7008936C9 /* ContactsManager.m */,
				1A6C9401153D137000C7D6ED /* LocationRelay.h */,
				1A6C9402153D137000C7D6ED /* LocationRelay.m */,
				B560090315550FE6008936C9 /* LumoRequest.h */,
				B560090415550FE6008936C9 /* LumoRequest.m */,
				1A9AA68515368016001B5614 /* Pin.h */,
				1A9AA68615368016001B5614 /* Pin.m */,
			);
			name = Models;
			sourceTree = "<group>";
		};
		B560090A1555D2AE008936C9 /* Controllers */ = {
			isa = PBXGroup;
			children = (
				1A0876F3154A5D360079276F /* ConnectingViewController.h */,
				1A0876F4154A5D360079276F /* ConnectingViewController.m */,
				1AF44512152E695A0006B5DB /* ContactsViewController.h */,
				1AF44513152E695A0006B5DB /* ContactsViewController.m */,
				1AE29FA31533FC4300E651E4 /* MapViewController.h */,
				1AE29FA41533FC4300E651E4 /* MapViewController.m */,
				1A2596FE1559A09C00131467 /* ReceivingViewController.h */,
				1A2596FF1559A09C00131467 /* ReceivingViewController.m */,
				1A2597041559A74500131467 /* SplashViewController.h */,
				1A2597051559A74500131467 /* SplashViewController.m */,
			);
			name = Controllers;
			sourceTree = "<group>";
		};
		B560090B1555D2E5008936C9 /* Images */ = {
			isa = PBXGroup;
			children = (
				1AC8E366155C670A006925B7 /* dot.png */,
				1AC8E364155C6581006925B7 /* rezoom.png */,
				1AC8E362155C639F006925B7 /* rezoom@2x.png */,
				1AC8E35F155C58B4006925B7 /* dot@2x.png */,
				1A082378155B959200BFD2A9 /* pin@2x.png */,
				1A082376155B86D100BFD2A9 /* pin.png */,
				1A2597021559A56500131467 /* lumofish.png */,
				1A96B6D81558AE390089CDC7 /* lumofish114.png */,
				1A96B6D61558AE340089CDC7 /* lumofish57.png */,
				1AF4450E152E695A0006B5DB /* first.png */,
				1AF44510152E695A0006B5DB /* first@2x.png */,
				1AF44515152E695A0006B5DB /* second.png */,
				1AF44517152E695A0006B5DB /* second@2x.png */,
			);
			name = Images;
			sourceTree = "<group>";
		};
		B5C7D8FC1551E3C90080E630 /* External */ = {
			isa = PBXGroup;
			children = (
				1A6C93DD153D049400C7D6ED /* AFNetworking */,
				1A2D33C715387E7E003FC6A3 /* facebook-ios-sdk */,
			);
			name = External;
			sourceTree = "<group>";
		};
/* End PBXGroup section */

/* Begin PBXNativeTarget section */
		1AF444F1152E695A0006B5DB /* Lumo */ = {
			isa = PBXNativeTarget;
			buildConfigurationList = 1AF4451B152E695A0006B5DB /* Build configuration list for PBXNativeTarget "Lumo" */;
			buildPhases = (
				1AF444EE152E695A0006B5DB /* Sources */,
				1AF444EF152E695A0006B5DB /* Frameworks */,
				1AF444F0152E695A0006B5DB /* Resources */,
			);
			buildRules = (
			);
			dependencies = (
			);
			name = Lumo;
			productName = Rendezvous;
			productReference = 1AF444F2152E695A0006B5DB /* Lumo.app */;
			productType = "com.apple.product-type.application";
		};
/* End PBXNativeTarget section */

/* Begin PBXProject section */
		1AF444E9152E695A0006B5DB /* Project object */ = {
			isa = PBXProject;
			attributes = {
				CLASSPREFIX = "";
				LastUpgradeCheck = 0430;
				ORGANIZATIONNAME = Lumo;
			};
			buildConfigurationList = 1AF444EC152E695A0006B5DB /* Build configuration list for PBXProject "Lumo" */;
			compatibilityVersion = "Xcode 3.2";
			developmentRegion = English;
			hasScannedForEncodings = 0;
			knownRegions = (
				en,
			);
			mainGroup = 1AF444E7152E695A0006B5DB;
			productRefGroup = 1AF444F3152E695A0006B5DB /* Products */;
			projectDirPath = "";
			projectRoot = "";
			targets = (
				1AF444F1152E695A0006B5DB /* Lumo */,
			);
		};
/* End PBXProject section */

/* Begin PBXResourcesBuildPhase section */
		1AF444F0152E695A0006B5DB /* Resources */ = {
			isa = PBXResourcesBuildPhase;
			buildActionMask = 2147483647;
			files = (
				1AF44501152E695A0006B5DB /* InfoPlist.strings in Resources */,
				1AF4450A152E695A0006B5DB /* MainStoryboard.storyboard in Resources */,
				1AF4450F152E695A0006B5DB /* first.png in Resources */,
				1AF44511152E695A0006B5DB /* first@2x.png in Resources */,
				1AF44516152E695A0006B5DB /* second.png in Resources */,
				1AF44518152E695A0006B5DB /* second@2x.png in Resources */,
				1A2D33D715387E7E003FC6A3 /* FBDialog.bundle in Resources */,
				B5C7D90515523E250080E630 /* Localizable.strings in Resources */,
				1A96B6D71558AE340089CDC7 /* lumofish57.png in Resources */,
				1A96B6D91558AE390089CDC7 /* lumofish114.png in Resources */,
				1A2597031559A56500131467 /* lumofish.png in Resources */,
				1A082377155B86D100BFD2A9 /* pin.png in Resources */,
				1A082379155B959200BFD2A9 /* pin@2x.png in Resources */,
				1AC8E360155C58B4006925B7 /* dot@2x.png in Resources */,
				1AC8E363155C639F006925B7 /* rezoom@2x.png in Resources */,
				1AC8E365155C6581006925B7 /* rezoom.png in Resources */,
				1AC8E367155C670A006925B7 /* dot.png in Resources */,
			);
			runOnlyForDeploymentPostprocessing = 0;
		};
/* End PBXResourcesBuildPhase section */

/* Begin PBXSourcesBuildPhase section */
		1AF444EE152E695A0006B5DB /* Sources */ = {
			isa = PBXSourcesBuildPhase;
			buildActionMask = 2147483647;
			files = (
				1AF44503152E695A0006B5DB /* main.m in Sources */,
				1AF44507152E695A0006B5DB /* LumoAppDelegate.m in Sources */,
				1AF44514152E695A0006B5DB /* ContactsViewController.m in Sources */,
				1AE29FA51533FC4300E651E4 /* MapViewController.m in Sources */,
				1A9AA68715368016001B5614 /* Pin.m in Sources */,
				1A6C93F3153D049400C7D6ED /* AFHTTPClient.m in Sources */,
				1A6C93F4153D049400C7D6ED /* AFHTTPRequestOperation.m in Sources */,
				1A6C93F5153D049400C7D6ED /* AFImageRequestOperation.m in Sources */,
				1A6C93F6153D049400C7D6ED /* AFJSONRequestOperation.m in Sources */,
				1A6C93F7153D049400C7D6ED /* AFJSONUtilities.m in Sources */,
				1A6C93F8153D049400C7D6ED /* AFNetworkActivityIndicatorManager.m in Sources */,
				1A6C93F9153D049400C7D6ED /* AFPropertyListRequestOperation.m in Sources */,
				1A6C93FA153D049400C7D6ED /* AFURLConnectionOperation.m in Sources */,
				1A6C93FB153D049400C7D6ED /* AFXMLRequestOperation.m in Sources */,
				1A6C93FC153D049400C7D6ED /* UIImageView+AFNetworking.m in Sources */,
				1A6C9403153D137000C7D6ED /* LocationRelay.m in Sources */,
				1A0876F5154A5D360079276F /* ConnectingViewController.m in Sources */,
				B56008FE15550569008936C9 /* Authentication.m in Sources */,
				B560090215550C09008936C9 /* CallManager.m in Sources */,
				B560090515550FE6008936C9 /* LumoRequest.m in Sources */,
				B560090815559BF7008936C9 /* ContactsManager.m in Sources */,
				1A2597001559A09C00131467 /* ReceivingViewController.m in Sources */,
				1A2597061559A74500131467 /* SplashViewController.m in Sources */,
			);
			runOnlyForDeploymentPostprocessing = 0;
		};
/* End PBXSourcesBuildPhase section */

/* Begin PBXVariantGroup section */
		1AF444FF152E695A0006B5DB /* InfoPlist.strings */ = {
			isa = PBXVariantGroup;
			children = (
				1AF44500152E695A0006B5DB /* en */,
			);
			name = InfoPlist.strings;
			sourceTree = "<group>";
		};
		1AF44508152E695A0006B5DB /* MainStoryboard.storyboard */ = {
			isa = PBXVariantGroup;
			children = (
				1AF44509152E695A0006B5DB /* en */,
			);
			name = MainStoryboard.storyboard;
			sourceTree = "<group>";
		};
/* End PBXVariantGroup section */

/* Begin XCBuildConfiguration section */
		1AF44519152E695A0006B5DB /* Debug */ = {
			isa = XCBuildConfiguration;
			buildSettings = {
				ALWAYS_SEARCH_USER_PATHS = NO;
				ARCHS = "$(ARCHS_STANDARD_32_BIT)";
				CLANG_ENABLE_OBJC_ARC = YES;
				CODE_SIGN_IDENTITY = "iPhone Developer: Daniel Kang (MD8XMS6B2J)";
				"CODE_SIGN_IDENTITY[sdk=iphoneos*]" = "iPhone Developer";
				COPY_PHASE_STRIP = NO;
				GCC_C_LANGUAGE_STANDARD = gnu99;
				GCC_DYNAMIC_NO_PIC = NO;
				GCC_OPTIMIZATION_LEVEL = 0;
				GCC_PREPROCESSOR_DEFINITIONS = (
					"DEBUG=1",
					"$(inherited)",
				);
				GCC_SYMBOLS_PRIVATE_EXTERN = NO;
				GCC_VERSION = com.apple.compilers.llvm.clang.1_0;
				GCC_WARN_ABOUT_RETURN_TYPE = YES;
				GCC_WARN_UNINITIALIZED_AUTOS = YES;
				GCC_WARN_UNUSED_VARIABLE = YES;
				IPHONEOS_DEPLOYMENT_TARGET = 5.1;
				PROVISIONING_PROFILE = "EA876299-9110-4131-A6D8-13D88E0929A5";
				SDKROOT = iphoneos;
			};
			name = Debug;
		};
		1AF4451A152E695A0006B5DB /* Release */ = {
			isa = XCBuildConfiguration;
			buildSettings = {
				ALWAYS_SEARCH_USER_PATHS = NO;
				ARCHS = "$(ARCHS_STANDARD_32_BIT)";
				CLANG_ENABLE_OBJC_ARC = YES;
				CODE_SIGN_IDENTITY = "iPhone Developer: Daniel Kang (MD8XMS6B2J)";
				"CODE_SIGN_IDENTITY[sdk=iphoneos*]" = "iPhone Developer";
				COPY_PHASE_STRIP = YES;
				GCC_C_LANGUAGE_STANDARD = gnu99;
				GCC_VERSION = com.apple.compilers.llvm.clang.1_0;
				GCC_WARN_ABOUT_RETURN_TYPE = YES;
				GCC_WARN_UNINITIALIZED_AUTOS = YES;
				GCC_WARN_UNUSED_VARIABLE = YES;
				IPHONEOS_DEPLOYMENT_TARGET = 5.1;
				OTHER_CFLAGS = "-DNS_BLOCK_ASSERTIONS=1";
				PROVISIONING_PROFILE = "EA876299-9110-4131-A6D8-13D88E0929A5";
				SDKROOT = iphoneos;
				VALIDATE_PRODUCT = YES;
			};
			name = Release;
		};
		1AF4451C152E695A0006B5DB /* Debug */ = {
			isa = XCBuildConfiguration;
			buildSettings = {
				CODE_SIGN_IDENTITY = "iPhone Developer: Daniel Kang (MD8XMS6B2J)";
				GCC_PRECOMPILE_PREFIX_HEADER = YES;
				GCC_PREFIX_HEADER = Source/Prefix.pch;
				INFOPLIST_FILE = Source/Info.plist;
				LIBRARY_SEARCH_PATHS = (
					"$(inherited)",
					"\"$(SRCROOT)/External/facebook-ios-sdk\"",
				);
				PRODUCT_NAME = Lumo;
				PROVISIONING_PROFILE = "C5A85A5A-873F-4B7D-9883-D6CC439B2809";
				WRAPPER_EXTENSION = app;
			};
			name = Debug;
		};
		1AF4451D152E695A0006B5DB /* Release */ = {
			isa = XCBuildConfiguration;
			buildSettings = {
				CODE_SIGN_IDENTITY = "iPhone Developer: Daniel Kang (MD8XMS6B2J)";
				GCC_PRECOMPILE_PREFIX_HEADER = YES;
				GCC_PREFIX_HEADER = Source/Prefix.pch;
				INFOPLIST_FILE = Source/Info.plist;
				LIBRARY_SEARCH_PATHS = (
					"$(inherited)",
					"\"$(SRCROOT)/External/facebook-ios-sdk\"",
				);
				PRODUCT_NAME = Lumo;
				PROVISIONING_PROFILE = "C5A85A5A-873F-4B7D-9883-D6CC439B2809";
				WRAPPER_EXTENSION = app;
			};
			name = Release;
		};
/* End XCBuildConfiguration section */

/* Begin XCConfigurationList section */
		1AF444EC152E695A0006B5DB /* Build configuration list for PBXProject "Lumo" */ = {
			isa = XCConfigurationList;
			buildConfigurations = (
				1AF44519152E695A0006B5DB /* Debug */,
				1AF4451A152E695A0006B5DB /* Release */,
			);
			defaultConfigurationIsVisible = 0;
			defaultConfigurationName = Release;
		};
		1AF4451B152E695A0006B5DB /* Build configuration list for PBXNativeTarget "Lumo" */ = {
			isa = XCConfigurationList;
			buildConfigurations = (
				1AF4451C152E695A0006B5DB /* Debug */,
				1AF4451D152E695A0006B5DB /* Release */,
			);
			defaultConfigurationIsVisible = 0;
			defaultConfigurationName = Release;
		};
/* End XCConfigurationList section */
	};
	rootObject = 1AF444E9152E695A0006B5DB /* Project object */;
}
